// !$*UTF8*$!
{
	archiveVersion = 1;
	classes = {
	};
	objectVersion = 56;
	objects = {

/* Begin PBXBuildFile section */
		C10859C92C82B1990011E6D5 /* Advanced_iOS_AT2App.swift in Sources */ = {isa = PBXBuildFile; fileRef = C10859C82C82B1990011E6D5 /* Advanced_iOS_AT2App.swift */; };
		C10859CD2C82B19B0011E6D5 /* Assets.xcassets in Resources */ = {isa = PBXBuildFile; fileRef = C10859CC2C82B19B0011E6D5 /* Assets.xcassets */; };
		C10859D02C82B19B0011E6D5 /* Preview Assets.xcassets in Resources */ = {isa = PBXBuildFile; fileRef = C10859CF2C82B19B0011E6D5 /* Preview Assets.xcassets */; };
		C19E5DD02C856F7600320C1F /* HomeView.swift in Sources */ = {isa = PBXBuildFile; fileRef = C19E5DCF2C856F7600320C1F /* HomeView.swift */; };
		C19E5DD22C856FAE00320C1F /* NavigationController.swift in Sources */ = {isa = PBXBuildFile; fileRef = C19E5DD12C856FAE00320C1F /* NavigationController.swift */; };
		C19E5DD42C856FC600320C1F /* CardView.swift in Sources */ = {isa = PBXBuildFile; fileRef = C19E5DD32C856FC600320C1F /* CardView.swift */; };
		C19E5DD62C85761600320C1F /* PieChartView.swift in Sources */ = {isa = PBXBuildFile; fileRef = C19E5DD52C85761600320C1F /* PieChartView.swift */; };
		C19E5DD82C85768300320C1F /* DonutChartView.swift in Sources */ = {isa = PBXBuildFile; fileRef = C19E5DD72C85768300320C1F /* DonutChartView.swift */; };
		C19E5DDA2C85781200320C1F /* HomeViewModel.swift in Sources */ = {isa = PBXBuildFile; fileRef = C19E5DD92C85781200320C1F /* HomeViewModel.swift */; };
		C19E5DDC2C8578A600320C1F /* LoginView.swift in Sources */ = {isa = PBXBuildFile; fileRef = C19E5DDB2C8578A600320C1F /* LoginView.swift */; };
		C19E5DDF2C857BA200320C1F /* Category.swift in Sources */ = {isa = PBXBuildFile; fileRef = C19E5DDE2C857BA200320C1F /* Category.swift */; };
		C19E5DE12C85855300320C1F /* Goal.swift in Sources */ = {isa = PBXBuildFile; fileRef = C19E5DE02C85855300320C1F /* Goal.swift */; };
/* End PBXBuildFile section */

/* Begin PBXFileReference section */
		C10859C52C82B1990011E6D5 /* Advanced-iOS_AT2.app */ = {isa = PBXFileReference; explicitFileType = wrapper.application; includeInIndex = 0; path = "Advanced-iOS_AT2.app"; sourceTree = BUILT_PRODUCTS_DIR; };
		C10859C82C82B1990011E6D5 /* Advanced_iOS_AT2App.swift */ = {isa = PBXFileReference; lastKnownFileType = sourcecode.swift; path = Advanced_iOS_AT2App.swift; sourceTree = "<group>"; };
		C10859CC2C82B19B0011E6D5 /* Assets.xcassets */ = {isa = PBXFileReference; lastKnownFileType = folder.assetcatalog; path = Assets.xcassets; sourceTree = "<group>"; };
		C10859CF2C82B19B0011E6D5 /* Preview Assets.xcassets */ = {isa = PBXFileReference; lastKnownFileType = folder.assetcatalog; path = "Preview Assets.xcassets"; sourceTree = "<group>"; };
		C19E5DCF2C856F7600320C1F /* HomeView.swift */ = {isa = PBXFileReference; lastKnownFileType = sourcecode.swift; path = HomeView.swift; sourceTree = "<group>"; };
		C19E5DD12C856FAE00320C1F /* NavigationController.swift */ = {isa = PBXFileReference; lastKnownFileType = sourcecode.swift; path = NavigationController.swift; sourceTree = "<group>"; };
		C19E5DD32C856FC600320C1F /* CardView.swift */ = {isa = PBXFileReference; lastKnownFileType = sourcecode.swift; path = CardView.swift; sourceTree = "<group>"; };
		C19E5DD52C85761600320C1F /* PieChartView.swift */ = {isa = PBXFileReference; lastKnownFileType = sourcecode.swift; path = PieChartView.swift; sourceTree = "<group>"; };
		C19E5DD72C85768300320C1F /* DonutChartView.swift */ = {isa = PBXFileReference; lastKnownFileType = sourcecode.swift; path = DonutChartView.swift; sourceTree = "<group>"; };
		C19E5DD92C85781200320C1F /* HomeViewModel.swift */ = {isa = PBXFileReference; lastKnownFileType = sourcecode.swift; path = HomeViewModel.swift; sourceTree = "<group>"; };
		C19E5DDB2C8578A600320C1F /* LoginView.swift */ = {isa = PBXFileReference; lastKnownFileType = sourcecode.swift; path = LoginView.swift; sourceTree = "<group>"; };
		C19E5DDE2C857BA200320C1F /* Category.swift */ = {isa = PBXFileReference; lastKnownFileType = sourcecode.swift; path = Category.swift; sourceTree = "<group>"; };
		C19E5DE02C85855300320C1F /* Goal.swift */ = {isa = PBXFileReference; lastKnownFileType = sourcecode.swift; path = Goal.swift; sourceTree = "<group>"; };
/* End PBXFileReference section */

/* Begin PBXFrameworksBuildPhase section */
		C10859C22C82B1990011E6D5 /* Frameworks */ = {
			isa = PBXFrameworksBuildPhase;
			buildActionMask = 2147483647;
			files = (
			);
			runOnlyForDeploymentPostprocessing = 0;
		};
/* End PBXFrameworksBuildPhase section */

/* Begin PBXGroup section */
		C10859BC2C82B1990011E6D5 = {
			isa = PBXGroup;
			children = (
				C10859C72C82B1990011E6D5 /* Advanced-iOS_AT2 */,
				C10859C62C82B1990011E6D5 /* Products */,
			);
			sourceTree = "<group>";
		};
		C10859C62C82B1990011E6D5 /* Products */ = {
			isa = PBXGroup;
			children = (
				C10859C52C82B1990011E6D5 /* Advanced-iOS_AT2.app */,
			);
			name = Products;
			sourceTree = "<group>";
		};
		C10859C72C82B1990011E6D5 /* Advanced-iOS_AT2 */ = {
			isa = PBXGroup;
			children = (
				C10859C82C82B1990011E6D5 /* Advanced_iOS_AT2App.swift */,
				C19E5DCB2C856F1D00320C1F /* Views */,
				C19E5DCC2C856F3D00320C1F /* ViewModels */,
				C19E5DDD2C857B8B00320C1F /* Model */,
				C19E5DCD2C856F4C00320C1F /* Components */,
				C19E5DCE2C856F6000320C1F /* Services */,
				C19E5DE22C85856000320C1F /* Protocols */,
				C10859CC2C82B19B0011E6D5 /* Assets.xcassets */,
				C10859CE2C82B19B0011E6D5 /* Preview Content */,
			);
			path = "Advanced-iOS_AT2";
			sourceTree = "<group>";
		};
		C10859CE2C82B19B0011E6D5 /* Preview Content */ = {
			isa = PBXGroup;
			children = (
				C10859CF2C82B19B0011E6D5 /* Preview Assets.xcassets */,
			);
			path = "Preview Content";
			sourceTree = "<group>";
		};
		C19E5DCB2C856F1D00320C1F /* Views */ = {
			isa = PBXGroup;
			children = (
				C19E5DCF2C856F7600320C1F /* HomeView.swift */,
				C19E5DDB2C8578A600320C1F /* LoginView.swift */,
			);
			path = Views;
			sourceTree = "<group>";
		};
		C19E5DCC2C856F3D00320C1F /* ViewModels */ = {
			isa = PBXGroup;
			children = (
				C19E5DD92C85781200320C1F /* HomeViewModel.swift */,
			);
			path = ViewModels;
			sourceTree = "<group>";
		};
		C19E5DCD2C856F4C00320C1F /* Components */ = {
			isa = PBXGroup;
			children = (
				C19E5DD32C856FC600320C1F /* CardView.swift */,
				C19E5DD52C85761600320C1F /* PieChartView.swift */,
				C19E5DD72C85768300320C1F /* DonutChartView.swift */,
			);
			path = Components;
			sourceTree = "<group>";
		};
		C19E5DCE2C856F6000320C1F /* Services */ = {
			isa = PBXGroup;
			children = (
				C19E5DD12C856FAE00320C1F /* NavigationController.swift */,
			);
			path = Services;
			sourceTree = "<group>";
		};
		C19E5DDD2C857B8B00320C1F /* Model */ = {
			isa = PBXGroup;
			children = (
				C19E5DDE2C857BA200320C1F /* Category.swift */,
				C19E5DE02C85855300320C1F /* Goal.swift */,
			);
			path = Model;
			sourceTree = "<group>";
		};
		C19E5DE22C85856000320C1F /* Protocols */ = {
			isa = PBXGroup;
			children = (
			);
			path = Protocols;
			sourceTree = "<group>";
		};
/* End PBXGroup section */

/* Begin PBXNativeTarget section */
		C10859C42C82B1990011E6D5 /* Advanced-iOS_AT2 */ = {
			isa = PBXNativeTarget;
			buildConfigurationList = C10859D32C82B19B0011E6D5 /* Build configuration list for PBXNativeTarget "Advanced-iOS_AT2" */;
			buildPhases = (
				C10859C12C82B1990011E6D5 /* Sources */,
				C10859C22C82B1990011E6D5 /* Frameworks */,
				C10859C32C82B1990011E6D5 /* Resources */,
			);
			buildRules = (
			);
			dependencies = (
			);
			name = "Advanced-iOS_AT2";
			productName = "Advanced-iOS_AT2";
			productReference = C10859C52C82B1990011E6D5 /* Advanced-iOS_AT2.app */;
			productType = "com.apple.product-type.application";
		};
/* End PBXNativeTarget section */

/* Begin PBXProject section */
		C10859BD2C82B1990011E6D5 /* Project object */ = {
			isa = PBXProject;
			attributes = {
				BuildIndependentTargetsInParallel = 1;
				LastSwiftUpdateCheck = 1540;
				LastUpgradeCheck = 1540;
				TargetAttributes = {
					C10859C42C82B1990011E6D5 = {
						CreatedOnToolsVersion = 15.4;
					};
				};
			};
			buildConfigurationList = C10859C02C82B1990011E6D5 /* Build configuration list for PBXProject "Advanced-iOS_AT2" */;
			compatibilityVersion = "Xcode 14.0";
			developmentRegion = en;
			hasScannedForEncodings = 0;
			knownRegions = (
				en,
				Base,
			);
			mainGroup = C10859BC2C82B1990011E6D5;
			productRefGroup = C10859C62C82B1990011E6D5 /* Products */;
			projectDirPath = "";
			projectRoot = "";
			targets = (
				C10859C42C82B1990011E6D5 /* Advanced-iOS_AT2 */,
			);
		};
/* End PBXProject section */

/* Begin PBXResourcesBuildPhase section */
		C10859C32C82B1990011E6D5 /* Resources */ = {
			isa = PBXResourcesBuildPhase;
			buildActionMask = 2147483647;
			files = (
				C10859D02C82B19B0011E6D5 /* Preview Assets.xcassets in Resources */,
				C10859CD2C82B19B0011E6D5 /* Assets.xcassets in Resources */,
			);
			runOnlyForDeploymentPostprocessing = 0;
		};
/* End PBXResourcesBuildPhase section */

/* Begin PBXSourcesBuildPhase section */
		C10859C12C82B1990011E6D5 /* Sources */ = {
			isa = PBXSourcesBuildPhase;
			buildActionMask = 2147483647;
			files = (
				C10859C92C82B1990011E6D5 /* Advanced_iOS_AT2App.swift in Sources */,
				C19E5DDA2C85781200320C1F /* HomeViewModel.swift in Sources */,
				C19E5DD62C85761600320C1F /* PieChartView.swift in Sources */,
				C19E5DD82C85768300320C1F /* DonutChartView.swift in Sources */,
				C19E5DD22C856FAE00320C1F /* NavigationController.swift in Sources */,
				C19E5DDF2C857BA200320C1F /* Category.swift in Sources */,
				C19E5DD42C856FC600320C1F /* CardView.swift in Sources */,
				C19E5DDC2C8578A600320C1F /* LoginView.swift in Sources */,
				C19E5DE12C85855300320C1F /* Goal.swift in Sources */,
				C19E5DD02C856F7600320C1F /* HomeView.swift in Sources */,
			);
			runOnlyForDeploymentPostprocessing = 0;
		};
/* End PBXSourcesBuildPhase section */

/* Begin XCBuildConfiguration section */
		C10859D12C82B19B0011E6D5 /* Debug */ = {
			isa = XCBuildConfiguration;
			buildSettings = {
				ALWAYS_SEARCH_USER_PATHS = NO;
				ASSETCATALOG_COMPILER_GENERATE_SWIFT_ASSET_SYMBOL_EXTENSIONS = YES;
				CLANG_ANALYZER_NONNULL = YES;
				CLANG_ANALYZER_NUMBER_OBJECT_CONVERSION = YES_AGGRESSIVE;
				CLANG_CXX_LANGUAGE_STANDARD = "gnu++20";
				CLANG_ENABLE_MODULES = YES;
				CLANG_ENABLE_OBJC_ARC = YES;
				CLANG_ENABLE_OBJC_WEAK = YES;
				CLANG_WARN_BLOCK_CAPTURE_AUTORELEASING = YES;
				CLANG_WARN_BOOL_CONVERSION = YES;
				CLANG_WARN_COMMA = YES;
				CLANG_WARN_CONSTANT_CONVERSION = YES;
				CLANG_WARN_DEPRECATED_OBJC_IMPLEMENTATIONS = YES;
				CLANG_WARN_DIRECT_OBJC_ISA_USAGE = YES_ERROR;
				CLANG_WARN_DOCUMENTATION_COMMENTS = YES;
				CLANG_WARN_EMPTY_BODY = YES;
				CLANG_WARN_ENUM_CONVERSION = YES;
				CLANG_WARN_INFINITE_RECURSION = YES;
				CLANG_WARN_INT_CONVERSION = YES;
				CLANG_WARN_NON_LITERAL_NULL_CONVERSION = YES;
				CLANG_WARN_OBJC_IMPLICIT_RETAIN_SELF = YES;
				CLANG_WARN_OBJC_LITERAL_CONVERSION = YES;
				CLANG_WARN_OBJC_ROOT_CLASS = YES_ERROR;
				CLANG_WARN_QUOTED_INCLUDE_IN_FRAMEWORK_HEADER = YES;
				CLANG_WARN_RANGE_LOOP_ANALYSIS = YES;
				CLANG_WARN_STRICT_PROTOTYPES = YES;
				CLANG_WARN_SUSPICIOUS_MOVE = YES;
				CLANG_WARN_UNGUARDED_AVAILABILITY = YES_AGGRESSIVE;
				CLANG_WARN_UNREACHABLE_CODE = YES;
				CLANG_WARN__DUPLICATE_METHOD_MATCH = YES;
				COPY_PHASE_STRIP = NO;
				DEBUG_INFORMATION_FORMAT = dwarf;
				ENABLE_STRICT_OBJC_MSGSEND = YES;
				ENABLE_TESTABILITY = YES;
				ENABLE_USER_SCRIPT_SANDBOXING = YES;
				GCC_C_LANGUAGE_STANDARD = gnu17;
				GCC_DYNAMIC_NO_PIC = NO;
				GCC_NO_COMMON_BLOCKS = YES;
				GCC_OPTIMIZATION_LEVEL = 0;
				GCC_PREPROCESSOR_DEFINITIONS = (
					"DEBUG=1",
					"$(inherited)",
				);
				GCC_WARN_64_TO_32_BIT_CONVERSION = YES;
				GCC_WARN_ABOUT_RETURN_TYPE = YES_ERROR;
				GCC_WARN_UNDECLARED_SELECTOR = YES;
				GCC_WARN_UNINITIALIZED_AUTOS = YES_AGGRESSIVE;
				GCC_WARN_UNUSED_FUNCTION = YES;
				GCC_WARN_UNUSED_VARIABLE = YES;
				IPHONEOS_DEPLOYMENT_TARGET = 17.5;
				LOCALIZATION_PREFERS_STRING_CATALOGS = YES;
				MTL_ENABLE_DEBUG_INFO = INCLUDE_SOURCE;
				MTL_FAST_MATH = YES;
				ONLY_ACTIVE_ARCH = YES;
				SDKROOT = iphoneos;
				SWIFT_ACTIVE_COMPILATION_CONDITIONS = "DEBUG $(inherited)";
				SWIFT_OPTIMIZATION_LEVEL = "-Onone";
			};
			name = Debug;
		};
		C10859D22C82B19B0011E6D5 /* Release */ = {
			isa = XCBuildConfiguration;
			buildSettings = {
				ALWAYS_SEARCH_USER_PATHS = NO;
				ASSETCATALOG_COMPILER_GENERATE_SWIFT_ASSET_SYMBOL_EXTENSIONS = YES;
				CLANG_ANALYZER_NONNULL = YES;
				CLANG_ANALYZER_NUMBER_OBJECT_CONVERSION = YES_AGGRESSIVE;
				CLANG_CXX_LANGUAGE_STANDARD = "gnu++20";
				CLANG_ENABLE_MODULES = YES;
				CLANG_ENABLE_OBJC_ARC = YES;
				CLANG_ENABLE_OBJC_WEAK = YES;
				CLANG_WARN_BLOCK_CAPTURE_AUTORELEASING = YES;
				CLANG_WARN_BOOL_CONVERSION = YES;
				CLANG_WARN_COMMA = YES;
				CLANG_WARN_CONSTANT_CONVERSION = YES;
				CLANG_WARN_DEPRECATED_OBJC_IMPLEMENTATIONS = YES;
				CLANG_WARN_DIRECT_OBJC_ISA_USAGE = YES_ERROR;
				CLANG_WARN_DOCUMENTATION_COMMENTS = YES;
				CLANG_WARN_EMPTY_BODY = YES;
				CLANG_WARN_ENUM_CONVERSION = YES;
				CLANG_WARN_INFINITE_RECURSION = YES;
				CLANG_WARN_INT_CONVERSION = YES;
				CLANG_WARN_NON_LITERAL_NULL_CONVERSION = YES;
				CLANG_WARN_OBJC_IMPLICIT_RETAIN_SELF = YES;
				CLANG_WARN_OBJC_LITERAL_CONVERSION = YES;
				CLANG_WARN_OBJC_ROOT_CLASS = YES_ERROR;
				CLANG_WARN_QUOTED_INCLUDE_IN_FRAMEWORK_HEADER = YES;
				CLANG_WARN_RANGE_LOOP_ANALYSIS = YES;
				CLANG_WARN_STRICT_PROTOTYPES = YES;
				CLANG_WARN_SUSPICIOUS_MOVE = YES;
				CLANG_WARN_UNGUARDED_AVAILABILITY = YES_AGGRESSIVE;
				CLANG_WARN_UNREACHABLE_CODE = YES;
				CLANG_WARN__DUPLICATE_METHOD_MATCH = YES;
				COPY_PHASE_STRIP = NO;
				DEBUG_INFORMATION_FORMAT = "dwarf-with-dsym";
				ENABLE_NS_ASSERTIONS = NO;
				ENABLE_STRICT_OBJC_MSGSEND = YES;
				ENABLE_USER_SCRIPT_SANDBOXING = YES;
				GCC_C_LANGUAGE_STANDARD = gnu17;
				GCC_NO_COMMON_BLOCKS = YES;
				GCC_WARN_64_TO_32_BIT_CONVERSION = YES;
				GCC_WARN_ABOUT_RETURN_TYPE = YES_ERROR;
				GCC_WARN_UNDECLARED_SELECTOR = YES;
				GCC_WARN_UNINITIALIZED_AUTOS = YES_AGGRESSIVE;
				GCC_WARN_UNUSED_FUNCTION = YES;
				GCC_WARN_UNUSED_VARIABLE = YES;
				IPHONEOS_DEPLOYMENT_TARGET = 17.5;
				LOCALIZATION_PREFERS_STRING_CATALOGS = YES;
				MTL_ENABLE_DEBUG_INFO = NO;
				MTL_FAST_MATH = YES;
				SDKROOT = iphoneos;
				SWIFT_COMPILATION_MODE = wholemodule;
				VALIDATE_PRODUCT = YES;
			};
			name = Release;
		};
		C10859D42C82B19B0011E6D5 /* Debug */ = {
			isa = XCBuildConfiguration;
			buildSettings = {
				ASSETCATALOG_COMPILER_APPICON_NAME = AppIcon;
				ASSETCATALOG_COMPILER_GLOBAL_ACCENT_COLOR_NAME = AccentColor;
				CODE_SIGN_STYLE = Automatic;
				CURRENT_PROJECT_VERSION = 1;
				DEVELOPMENT_ASSET_PATHS = "\"Advanced-iOS_AT2/Preview Content\"";
				ENABLE_PREVIEWS = YES;
				GENERATE_INFOPLIST_FILE = YES;
				INFOPLIST_KEY_UIApplicationSceneManifest_Generation = YES;
				INFOPLIST_KEY_UIApplicationSupportsIndirectInputEvents = YES;
				INFOPLIST_KEY_UILaunchScreen_Generation = YES;
				INFOPLIST_KEY_UISupportedInterfaceOrientations_iPad = "UIInterfaceOrientationPortrait UIInterfaceOrientationPortraitUpsideDown UIInterfaceOrientationLandscapeLeft UIInterfaceOrientationLandscapeRight";
				INFOPLIST_KEY_UISupportedInterfaceOrientations_iPhone = "UIInterfaceOrientationPortrait UIInterfaceOrientationLandscapeLeft UIInterfaceOrientationLandscapeRight";
				LD_RUNPATH_SEARCH_PATHS = (
					"$(inherited)",
					"@executable_path/Frameworks",
				);
				MARKETING_VERSION = 1.0;
				PRODUCT_BUNDLE_IDENTIFIER = "UTS.Advanced-iOS-AT2";
				PRODUCT_NAME = "$(TARGET_NAME)";
				SWIFT_EMIT_LOC_STRINGS = YES;
				SWIFT_VERSION = 5.0;
				TARGETED_DEVICE_FAMILY = "1,2";
			};
			name = Debug;
		};
		C10859D52C82B19B0011E6D5 /* Release */ = {
			isa = XCBuildConfiguration;
			buildSettings = {
				ASSETCATALOG_COMPILER_APPICON_NAME = AppIcon;
				ASSETCATALOG_COMPILER_GLOBAL_ACCENT_COLOR_NAME = AccentColor;
				CODE_SIGN_STYLE = Automatic;
				CURRENT_PROJECT_VERSION = 1;
				DEVELOPMENT_ASSET_PATHS = "\"Advanced-iOS_AT2/Preview Content\"";
				ENABLE_PREVIEWS = YES;
				GENERATE_INFOPLIST_FILE = YES;
				INFOPLIST_KEY_UIApplicationSceneManifest_Generation = YES;
				INFOPLIST_KEY_UIApplicationSupportsIndirectInputEvents = YES;
				INFOPLIST_KEY_UILaunchScreen_Generation = YES;
				INFOPLIST_KEY_UISupportedInterfaceOrientations_iPad = "UIInterfaceOrientationPortrait UIInterfaceOrientationPortraitUpsideDown UIInterfaceOrientationLandscapeLeft UIInterfaceOrientationLandscapeRight";
				INFOPLIST_KEY_UISupportedInterfaceOrientations_iPhone = "UIInterfaceOrientationPortrait UIInterfaceOrientationLandscapeLeft UIInterfaceOrientationLandscapeRight";
				LD_RUNPATH_SEARCH_PATHS = (
					"$(inherited)",
					"@executable_path/Frameworks",
				);
				MARKETING_VERSION = 1.0;
				PRODUCT_BUNDLE_IDENTIFIER = "UTS.Advanced-iOS-AT2";
				PRODUCT_NAME = "$(TARGET_NAME)";
				SWIFT_EMIT_LOC_STRINGS = YES;
				SWIFT_VERSION = 5.0;
				TARGETED_DEVICE_FAMILY = "1,2";
			};
			name = Release;
		};
/* End XCBuildConfiguration section */

/* Begin XCConfigurationList section */
		C10859C02C82B1990011E6D5 /* Build configuration list for PBXProject "Advanced-iOS_AT2" */ = {
			isa = XCConfigurationList;
			buildConfigurations = (
				C10859D12C82B19B0011E6D5 /* Debug */,
				C10859D22C82B19B0011E6D5 /* Release */,
			);
			defaultConfigurationIsVisible = 0;
			defaultConfigurationName = Release;
		};
		C10859D32C82B19B0011E6D5 /* Build configuration list for PBXNativeTarget "Advanced-iOS_AT2" */ = {
			isa = XCConfigurationList;
			buildConfigurations = (
				C10859D42C82B19B0011E6D5 /* Debug */,
				C10859D52C82B19B0011E6D5 /* Release */,
			);
			defaultConfigurationIsVisible = 0;
			defaultConfigurationName = Release;
		};
/* End XCConfigurationList section */
	};
	rootObject = C10859BD2C82B1990011E6D5 /* Project object */;
}
